{
  "name": "countrylist",
  "version": "1.0.0",
  "lockfileVersion": 1,
  "requires": true,
  "dependencies": {
    "countries-list": {
      "version": "2.5.6",
      "resolved": "https://registry.npmjs.org/countries-list/-/countries-list-2.5.6.tgz",
      "integrity": "sha512-IEt6KCIzexbR1pTvSJakKCKbqlmHKkEO4oYHN6UCiNToUdN/zXy/1NxiUfZ3ktS0QO/UryCJGPoLkLdYsrAzNw=="
    }
  }
}
